
Microsoft Visual Studio Solution File, Format Version 12.00
# Visual Studio Version 17
VisualStudioVersion = 17.13.35825.156 d17.13
MinimumVisualStudioVersion = 10.0.40219.1
Project("{FAE04EC0-301F-11D3-BF4B-00C04F79EFBC}") = "TableTennisShared", "TableTennisShared.csproj", "{7A0971F5-0DC7-4ECC-A4EB-22486CEA7A3D}"
EndProject
Global
	GlobalSection(SolutionConfigurationPlatforms) = preSolution
		Debug|Any CPU = Debug|Any CPU
		Release|Any CPU = Release|Any CPU
	EndGlobalSection
	GlobalSection(ProjectConfigurationPlatforms) = postSolution
		{7A0971F5-0DC7-4ECC-A4EB-22486CEA7A3D}.Debug|Any CPU.ActiveCfg = Debug|Any CPU
		{7A0971F5-0DC7-4ECC-A4EB-22486CEA7A3D}.Debug|Any CPU.Build.0 = Debug|Any CPU
		{7A0971F5-0DC7-4ECC-A4EB-22486CEA7A3D}.Release|Any CPU.ActiveCfg = Release|Any CPU
		{7A0971F5-0DC7-4ECC-A4EB-22486CEA7A3D}.Release|Any CPU.Build.0 = Release|Any CPU
	EndGlobalSection
	GlobalSection(SolutionProperties) = preSolution
		HideSolutionNode = FALSE
	EndGlobalSection
	GlobalSection(ExtensibilityGlobals) = postSolution
		SolutionGuid = {FA5E1F1A-0157-4BA1-8C85-40DCE077AEC3}
	EndGlobalSection
EndGlobal
